// !$*UTF8*$!
{
	archiveVersion = 1;
	classes = {
	};
	objectVersion = 50;
	objects = {

/* Begin PBXBuildFile section */
		DF788E3F26C01D77007F379B /* AppDelegate.swift in Sources */ = {isa = PBXBuildFile; fileRef = DF788E3E26C01D77007F379B /* AppDelegate.swift */; };
		DF788E4126C01D77007F379B /* SceneDelegate.swift in Sources */ = {isa = PBXBuildFile; fileRef = DF788E4026C01D77007F379B /* SceneDelegate.swift */; };
		DF788E4326C01D77007F379B /* ViewController.swift in Sources */ = {isa = PBXBuildFile; fileRef = DF788E4226C01D77007F379B /* ViewController.swift */; };
		DF788E4626C01D77007F379B /* Main.storyboard in Resources */ = {isa = PBXBuildFile; fileRef = DF788E4426C01D77007F379B /* Main.storyboard */; };
		DF788E4826C01D78007F379B /* Assets.xcassets in Resources */ = {isa = PBXBuildFile; fileRef = DF788E4726C01D78007F379B /* Assets.xcassets */; };
		DF788E4B26C01D78007F379B /* LaunchScreen.storyboard in Resources */ = {isa = PBXBuildFile; fileRef = DF788E4926C01D78007F379B /* LaunchScreen.storyboard */; };
		DF788E5626C01D79007F379B /* TransitLinkCaseStudyTests.swift in Sources */ = {isa = PBXBuildFile; fileRef = DF788E5526C01D79007F379B /* TransitLinkCaseStudyTests.swift */; };
		DF788E6126C01D79007F379B /* TransitLinkCaseStudyUITests.swift in Sources */ = {isa = PBXBuildFile; fileRef = DF788E6026C01D79007F379B /* TransitLinkCaseStudyUITests.swift */; };
/* End PBXBuildFile section */

/* Begin PBXContainerItemProxy section */
		DF788E5226C01D79007F379B /* PBXContainerItemProxy */ = {
			isa = PBXContainerItemProxy;
			containerPortal = DF788E3326C01D77007F379B /* Project object */;
			proxyType = 1;
			remoteGlobalIDString = DF788E3A26C01D77007F379B;
			remoteInfo = TransitLinkCaseStudy;
		};
		DF788E5D26C01D79007F379B /* PBXContainerItemProxy */ = {
			isa = PBXContainerItemProxy;
			containerPortal = DF788E3326C01D77007F379B /* Project object */;
			proxyType = 1;
			remoteGlobalIDString = DF788E3A26C01D77007F379B;
			remoteInfo = TransitLinkCaseStudy;
		};
/* End PBXContainerItemProxy section */

/* Begin PBXFileReference section */
		DF788E3B26C01D77007F379B /* TransitLinkCaseStudy.app */ = {isa = PBXFileReference; explicitFileType = wrapper.application; includeInIndex = 0; path = TransitLinkCaseStudy.app; sourceTree = BUILT_PRODUCTS_DIR; };
		DF788E3E26C01D77007F379B /* AppDelegate.swift */ = {isa = PBXFileReference; lastKnownFileType = sourcecode.swift; path = AppDelegate.swift; sourceTree = "<group>"; };
		DF788E4026C01D77007F379B /* SceneDelegate.swift */ = {isa = PBXFileReference; lastKnownFileType = sourcecode.swift; path = SceneDelegate.swift; sourceTree = "<group>"; };
		DF788E4226C01D77007F379B /* ViewController.swift */ = {isa = PBXFileReference; lastKnownFileType = sourcecode.swift; path = ViewController.swift; sourceTree = "<group>"; };
		DF788E4526C01D77007F379B /* Base */ = {isa = PBXFileReference; lastKnownFileType = file.storyboard; name = Base; path = Base.lproj/Main.storyboard; sourceTree = "<group>"; };
		DF788E4726C01D78007F379B /* Assets.xcassets */ = {isa = PBXFileReference; lastKnownFileType = folder.assetcatalog; path = Assets.xcassets; sourceTree = "<group>"; };
		DF788E4A26C01D78007F379B /* Base */ = {isa = PBXFileReference; lastKnownFileType = file.storyboard; name = Base; path = Base.lproj/LaunchScreen.storyboard; sourceTree = "<group>"; };
		DF788E4C26C01D78007F379B /* Info.plist */ = {isa = PBXFileReference; lastKnownFileType = text.plist.xml; path = Info.plist; sourceTree = "<group>"; };
		DF788E5126C01D79007F379B /* TransitLinkCaseStudyTests.xctest */ = {isa = PBXFileReference; explicitFileType = wrapper.cfbundle; includeInIndex = 0; path = TransitLinkCaseStudyTests.xctest; sourceTree = BUILT_PRODUCTS_DIR; };
		DF788E5526C01D79007F379B /* TransitLinkCaseStudyTests.swift */ = {isa = PBXFileReference; lastKnownFileType = sourcecode.swift; path = TransitLinkCaseStudyTests.swift; sourceTree = "<group>"; };
		DF788E5726C01D79007F379B /* Info.plist */ = {isa = PBXFileReference; lastKnownFileType = text.plist.xml; path = Info.plist; sourceTree = "<group>"; };
		DF788E5C26C01D79007F379B /* TransitLinkCaseStudyUITests.xctest */ = {isa = PBXFileReference; explicitFileType = wrapper.cfbundle; includeInIndex = 0; path = TransitLinkCaseStudyUITests.xctest; sourceTree = BUILT_PRODUCTS_DIR; };
		DF788E6026C01D79007F379B /* TransitLinkCaseStudyUITests.swift */ = {isa = PBXFileReference; lastKnownFileType = sourcecode.swift; path = TransitLinkCaseStudyUITests.swift; sourceTree = "<group>"; };
		DF788E6226C01D79007F379B /* Info.plist */ = {isa = PBXFileReference; lastKnownFileType = text.plist.xml; path = Info.plist; sourceTree = "<group>"; };
/* End PBXFileReference section */

/* Begin PBXFrameworksBuildPhase section */
		DF788E3826C01D77007F379B /* Frameworks */ = {
			isa = PBXFrameworksBuildPhase;
			buildActionMask = 2147483647;
			files = (
			);
			runOnlyForDeploymentPostprocessing = 0;
		};
		DF788E4E26C01D78007F379B /* Frameworks */ = {
			isa = PBXFrameworksBuildPhase;
			buildActionMask = 2147483647;
			files = (
			);
			runOnlyForDeploymentPostprocessing = 0;
		};
		DF788E5926C01D79007F379B /* Frameworks */ = {
			isa = PBXFrameworksBuildPhase;
			buildActionMask = 2147483647;
			files = (
			);
			runOnlyForDeploymentPostprocessing = 0;
		};
/* End PBXFrameworksBuildPhase section */

/* Begin PBXGroup section */
		DF788E3226C01D77007F379B = {
			isa = PBXGroup;
			children = (
				DF788E3D26C01D77007F379B /* TransitLinkCaseStudy */,
				DF788E5426C01D79007F379B /* TransitLinkCaseStudyTests */,
				DF788E5F26C01D79007F379B /* TransitLinkCaseStudyUITests */,
				DF788E3C26C01D77007F379B /* Products */,
			);
			sourceTree = "<group>";
		};
		DF788E3C26C01D77007F379B /* Products */ = {
			isa = PBXGroup;
			children = (
				DF788E3B26C01D77007F379B /* TransitLinkCaseStudy.app */,
				DF788E5126C01D79007F379B /* TransitLinkCaseStudyTests.xctest */,
				DF788E5C26C01D79007F379B /* TransitLinkCaseStudyUITests.xctest */,
			);
			name = Products;
			sourceTree = "<group>";
		};
		DF788E3D26C01D77007F379B /* TransitLinkCaseStudy */ = {
			isa = PBXGroup;
			children = (
				DF788E3E26C01D77007F379B /* AppDelegate.swift */,
				DF788E4026C01D77007F379B /* SceneDelegate.swift */,
				DF788E4226C01D77007F379B /* ViewController.swift */,
				DF788E4426C01D77007F379B /* Main.storyboard */,
				DF788E4726C01D78007F379B /* Assets.xcassets */,
				DF788E4926C01D78007F379B /* LaunchScreen.storyboard */,
				DF788E4C26C01D78007F379B /* Info.plist */,
			);
			path = TransitLinkCaseStudy;
			sourceTree = "<group>";
		};
		DF788E5426C01D79007F379B /* TransitLinkCaseStudyTests */ = {
			isa = PBXGroup;
			children = (
				DF788E5526C01D79007F379B /* TransitLinkCaseStudyTests.swift */,
				DF788E5726C01D79007F379B /* Info.plist */,
			);
			path = TransitLinkCaseStudyTests;
			sourceTree = "<group>";
		};
		DF788E5F26C01D79007F379B /* TransitLinkCaseStudyUITests */ = {
			isa = PBXGroup;
			children = (
				DF788E6026C01D79007F379B /* TransitLinkCaseStudyUITests.swift */,
				DF788E6226C01D79007F379B /* Info.plist */,
			);
			path = TransitLinkCaseStudyUITests;
			sourceTree = "<group>";
		};
/* End PBXGroup section */

/* Begin PBXNativeTarget section */
		DF788E3A26C01D77007F379B /* TransitLinkCaseStudy */ = {
			isa = PBXNativeTarget;
			buildConfigurationList = DF788E6526C01D79007F379B /* Build configuration list for PBXNativeTarget "TransitLinkCaseStudy" */;
			buildPhases = (
				DF788E3726C01D77007F379B /* Sources */,
				DF788E3826C01D77007F379B /* Frameworks */,
				DF788E3926C01D77007F379B /* Resources */,
			);
			buildRules = (
			);
			dependencies = (
			);
			name = TransitLinkCaseStudy;
			productName = TransitLinkCaseStudy;
			productReference = DF788E3B26C01D77007F379B /* TransitLinkCaseStudy.app */;
			productType = "com.apple.product-type.application";
		};
		DF788E5026C01D78007F379B /* TransitLinkCaseStudyTests */ = {
			isa = PBXNativeTarget;
			buildConfigurationList = DF788E6826C01D79007F379B /* Build configuration list for PBXNativeTarget "TransitLinkCaseStudyTests" */;
			buildPhases = (
				DF788E4D26C01D78007F379B /* Sources */,
				DF788E4E26C01D78007F379B /* Frameworks */,
				DF788E4F26C01D78007F379B /* Resources */,
			);
			buildRules = (
			);
			dependencies = (
				DF788E5326C01D79007F379B /* PBXTargetDependency */,
			);
			name = TransitLinkCaseStudyTests;
			productName = TransitLinkCaseStudyTests;
			productReference = DF788E5126C01D79007F379B /* TransitLinkCaseStudyTests.xctest */;
			productType = "com.apple.product-type.bundle.unit-test";
		};
		DF788E5B26C01D79007F379B /* TransitLinkCaseStudyUITests */ = {
			isa = PBXNativeTarget;
			buildConfigurationList = DF788E6B26C01D79007F379B /* Build configuration list for PBXNativeTarget "TransitLinkCaseStudyUITests" */;
			buildPhases = (
				DF788E5826C01D79007F379B /* Sources */,
				DF788E5926C01D79007F379B /* Frameworks */,
				DF788E5A26C01D79007F379B /* Resources */,
			);
			buildRules = (
			);
			dependencies = (
				DF788E5E26C01D79007F379B /* PBXTargetDependency */,
			);
			name = TransitLinkCaseStudyUITests;
			productName = TransitLinkCaseStudyUITests;
			productReference = DF788E5C26C01D79007F379B /* TransitLinkCaseStudyUITests.xctest */;
			productType = "com.apple.product-type.bundle.ui-testing";
		};
/* End PBXNativeTarget section */

/* Begin PBXProject section */
		DF788E3326C01D77007F379B /* Project object */ = {
			isa = PBXProject;
			attributes = {
				LastSwiftUpdateCheck = 1250;
				LastUpgradeCheck = 1250;
				TargetAttributes = {
					DF788E3A26C01D77007F379B = {
						CreatedOnToolsVersion = 12.5;
					};
					DF788E5026C01D78007F379B = {
						CreatedOnToolsVersion = 12.5;
						TestTargetID = DF788E3A26C01D77007F379B;
					};
					DF788E5B26C01D79007F379B = {
						CreatedOnToolsVersion = 12.5;
						TestTargetID = DF788E3A26C01D77007F379B;
					};
				};
			};
			buildConfigurationList = DF788E3626C01D77007F379B /* Build configuration list for PBXProject "TransitLinkCaseStudy" */;
			compatibilityVersion = "Xcode 9.3";
			developmentRegion = en;
			hasScannedForEncodings = 0;
			knownRegions = (
				en,
				Base,
			);
			mainGroup = DF788E3226C01D77007F379B;
			productRefGroup = DF788E3C26C01D77007F379B /* Products */;
			projectDirPath = "";
			projectRoot = "";
			targets = (
				DF788E3A26C01D77007F379B /* TransitLinkCaseStudy */,
				DF788E5026C01D78007F379B /* TransitLinkCaseStudyTests */,
				DF788E5B26C01D79007F379B /* TransitLinkCaseStudyUITests */,
			);
		};
/* End PBXProject section */

/* Begin PBXResourcesBuildPhase section */
		DF788E3926C01D77007F379B /* Resources */ = {
			isa = PBXResourcesBuildPhase;
			buildActionMask = 2147483647;
			files = (
				DF788E4B26C01D78007F379B /* LaunchScreen.storyboard in Resources */,
				DF788E4826C01D78007F379B /* Assets.xcassets in Resources */,
				DF788E4626C01D77007F379B /* Main.storyboard in Resources */,
			);
			runOnlyForDeploymentPostprocessing = 0;
		};
		DF788E4F26C01D78007F379B /* Resources */ = {
			isa = PBXResourcesBuildPhase;
			buildActionMask = 2147483647;
			files = (
			);
			runOnlyForDeploymentPostprocessing = 0;
		};
		DF788E5A26C01D79007F379B /* Resources */ = {
			isa = PBXResourcesBuildPhase;
			buildActionMask = 2147483647;
			files = (
			);
			runOnlyForDeploymentPostprocessing = 0;
		};
/* End PBXResourcesBuildPhase section */

/* Begin PBXSourcesBuildPhase section */
		DF788E3726C01D77007F379B /* Sources */ = {
			isa = PBXSourcesBuildPhase;
			buildActionMask = 2147483647;
			files = (
				DF788E4326C01D77007F379B /* ViewController.swift in Sources */,
				DF788E3F26C01D77007F379B /* AppDelegate.swift in Sources */,
				DF788E4126C01D77007F379B /* SceneDelegate.swift in Sources */,
			);
			runOnlyForDeploymentPostprocessing = 0;
		};
		DF788E4D26C01D78007F379B /* Sources */ = {
			isa = PBXSourcesBuildPhase;
			buildActionMask = 2147483647;
			files = (
				DF788E5626C01D79007F379B /* TransitLinkCaseStudyTests.swift in Sources */,
			);
			runOnlyForDeploymentPostprocessing = 0;
		};
		DF788E5826C01D79007F379B /* Sources */ = {
			isa = PBXSourcesBuildPhase;
			buildActionMask = 2147483647;
			files = (
				DF788E6126C01D79007F379B /* TransitLinkCaseStudyUITests.swift in Sources */,
			);
			runOnlyForDeploymentPostprocessing = 0;
		};
/* End PBXSourcesBuildPhase section */

/* Begin PBXTargetDependency section */
		DF788E5326C01D79007F379B /* PBXTargetDependency */ = {
			isa = PBXTargetDependency;
			target = DF788E3A26C01D77007F379B /* TransitLinkCaseStudy */;
			targetProxy = DF788E5226C01D79007F379B /* PBXContainerItemProxy */;
		};
		DF788E5E26C01D79007F379B /* PBXTargetDependency */ = {
			isa = PBXTargetDependency;
			target = DF788E3A26C01D77007F379B /* TransitLinkCaseStudy */;
			targetProxy = DF788E5D26C01D79007F379B /* PBXContainerItemProxy */;
		};
/* End PBXTargetDependency section */

/* Begin PBXVariantGroup section */
		DF788E4426C01D77007F379B /* Main.storyboard */ = {
			isa = PBXVariantGroup;
			children = (
				DF788E4526C01D77007F379B /* Base */,
			);
			name = Main.storyboard;
			sourceTree = "<group>";
		};
		DF788E4926C01D78007F379B /* LaunchScreen.storyboard */ = {
			isa = PBXVariantGroup;
			children = (
				DF788E4A26C01D78007F379B /* Base */,
			);
			name = LaunchScreen.storyboard;
			sourceTree = "<group>";
		};
/* End PBXVariantGroup section */

/* Begin XCBuildConfiguration section */
		DF788E6326C01D79007F379B /* Debug */ = {
			isa = XCBuildConfiguration;
			buildSettings = {
				ALWAYS_SEARCH_USER_PATHS = NO;
				CLANG_ANALYZER_NONNULL = YES;
				CLANG_ANALYZER_NUMBER_OBJECT_CONVERSION = YES_AGGRESSIVE;
				CLANG_CXX_LANGUAGE_STANDARD = "gnu++14";
				CLANG_CXX_LIBRARY = "libc++";
				CLANG_ENABLE_MODULES = YES;
				CLANG_ENABLE_OBJC_ARC = YES;
				CLANG_ENABLE_OBJC_WEAK = YES;
				CLANG_WARN_BLOCK_CAPTURE_AUTORELEASING = YES;
				CLANG_WARN_BOOL_CONVERSION = YES;
				CLANG_WARN_COMMA = YES;
				CLANG_WARN_CONSTANT_CONVERSION = YES;
				CLANG_WARN_DEPRECATED_OBJC_IMPLEMENTATIONS = YES;
				CLANG_WARN_DIRECT_OBJC_ISA_USAGE = YES_ERROR;
				CLANG_WARN_DOCUMENTATION_COMMENTS = YES;
				CLANG_WARN_EMPTY_BODY = YES;
				CLANG_WARN_ENUM_CONVERSION = YES;
				CLANG_WARN_INFINITE_RECURSION = YES;
				CLANG_WARN_INT_CONVERSION = YES;
				CLANG_WARN_NON_LITERAL_NULL_CONVERSION = YES;
				CLANG_WARN_OBJC_IMPLICIT_RETAIN_SELF = YES;
				CLANG_WARN_OBJC_LITERAL_CONVERSION = YES;
				CLANG_WARN_OBJC_ROOT_CLASS = YES_ERROR;
				CLANG_WARN_QUOTED_INCLUDE_IN_FRAMEWORK_HEADER = YES;
				CLANG_WARN_RANGE_LOOP_ANALYSIS = YES;
				CLANG_WARN_STRICT_PROTOTYPES = YES;
				CLANG_WARN_SUSPICIOUS_MOVE = YES;
				CLANG_WARN_UNGUARDED_AVAILABILITY = YES_AGGRESSIVE;
				CLANG_WARN_UNREACHABLE_CODE = YES;
				CLANG_WARN__DUPLICATE_METHOD_MATCH = YES;
				COPY_PHASE_STRIP = NO;
				DEBUG_INFORMATION_FORMAT = dwarf;
				ENABLE_STRICT_OBJC_MSGSEND = YES;
				ENABLE_TESTABILITY = YES;
				GCC_C_LANGUAGE_STANDARD = gnu11;
				GCC_DYNAMIC_NO_PIC = NO;
				GCC_NO_COMMON_BLOCKS = YES;
				GCC_OPTIMIZATION_LEVEL = 0;
				GCC_PREPROCESSOR_DEFINITIONS = (
					"DEBUG=1",
					"$(inherited)",
				);
				GCC_WARN_64_TO_32_BIT_CONVERSION = YES;
				GCC_WARN_ABOUT_RETURN_TYPE = YES_ERROR;
				GCC_WARN_UNDECLARED_SELECTOR = YES;
				GCC_WARN_UNINITIALIZED_AUTOS = YES_AGGRESSIVE;
				GCC_WARN_UNUSED_FUNCTION = YES;
				GCC_WARN_UNUSED_VARIABLE = YES;
				IPHONEOS_DEPLOYMENT_TARGET = 14.5;
				MTL_ENABLE_DEBUG_INFO = INCLUDE_SOURCE;
				MTL_FAST_MATH = YES;
				ONLY_ACTIVE_ARCH = YES;
				SDKROOT = iphoneos;
				SWIFT_ACTIVE_COMPILATION_CONDITIONS = DEBUG;
				SWIFT_OPTIMIZATION_LEVEL = "-Onone";
			};
			name = Debug;
		};
		DF788E6426C01D79007F379B /* Release */ = {
			isa = XCBuildConfiguration;
			buildSettings = {
				ALWAYS_SEARCH_USER_PATHS = NO;
				CLANG_ANALYZER_NONNULL = YES;
				CLANG_ANALYZER_NUMBER_OBJECT_CONVERSION = YES_AGGRESSIVE;
				CLANG_CXX_LANGUAGE_STANDARD = "gnu++14";
				CLANG_CXX_LIBRARY = "libc++";
				CLANG_ENABLE_MODULES = YES;
				CLANG_ENABLE_OBJC_ARC = YES;
				CLANG_ENABLE_OBJC_WEAK = YES;
				CLANG_WARN_BLOCK_CAPTURE_AUTORELEASING = YES;
				CLANG_WARN_BOOL_CONVERSION = YES;
				CLANG_WARN_COMMA = YES;
				CLANG_WARN_CONSTANT_CONVERSION = YES;
				CLANG_WARN_DEPRECATED_OBJC_IMPLEMENTATIONS = YES;
				CLANG_WARN_DIRECT_OBJC_ISA_USAGE = YES_ERROR;
				CLANG_WARN_DOCUMENTATION_COMMENTS = YES;
				CLANG_WARN_EMPTY_BODY = YES;
				CLANG_WARN_ENUM_CONVERSION = YES;
				CLANG_WARN_INFINITE_RECURSION = YES;
				CLANG_WARN_INT_CONVERSION = YES;
				CLANG_WARN_NON_LITERAL_NULL_CONVERSION = YES;
				CLANG_WARN_OBJC_IMPLICIT_RETAIN_SELF = YES;
				CLANG_WARN_OBJC_LITERAL_CONVERSION = YES;
				CLANG_WARN_OBJC_ROOT_CLASS = YES_ERROR;
				CLANG_WARN_QUOTED_INCLUDE_IN_FRAMEWORK_HEADER = YES;
				CLANG_WARN_RANGE_LOOP_ANALYSIS = YES;
				CLANG_WARN_STRICT_PROTOTYPES = YES;
				CLANG_WARN_SUSPICIOUS_MOVE = YES;
				CLANG_WARN_UNGUARDED_AVAILABILITY = YES_AGGRESSIVE;
				CLANG_WARN_UNREACHABLE_CODE = YES;
				CLANG_WARN__DUPLICATE_METHOD_MATCH = YES;
				COPY_PHASE_STRIP = NO;
				DEBUG_INFORMATION_FORMAT = "dwarf-with-dsym";
				ENABLE_NS_ASSERTIONS = NO;
				ENABLE_STRICT_OBJC_MSGSEND = YES;
				GCC_C_LANGUAGE_STANDARD = gnu11;
				GCC_NO_COMMON_BLOCKS = YES;
				GCC_WARN_64_TO_32_BIT_CONVERSION = YES;
				GCC_WARN_ABOUT_RETURN_TYPE = YES_ERROR;
				GCC_WARN_UNDECLARED_SELECTOR = YES;
				GCC_WARN_UNINITIALIZED_AUTOS = YES_AGGRESSIVE;
				GCC_WARN_UNUSED_FUNCTION = YES;
				GCC_WARN_UNUSED_VARIABLE = YES;
				IPHONEOS_DEPLOYMENT_TARGET = 14.5;
				MTL_ENABLE_DEBUG_INFO = NO;
				MTL_FAST_MATH = YES;
				SDKROOT = iphoneos;
				SWIFT_COMPILATION_MODE = wholemodule;
				SWIFT_OPTIMIZATION_LEVEL = "-O";
				VALIDATE_PRODUCT = YES;
			};
			name = Release;
		};
		DF788E6626C01D79007F379B /* Debug */ = {
			isa = XCBuildConfiguration;
			buildSettings = {
				ASSETCATALOG_COMPILER_APPICON_NAME = AppIcon;
				ASSETCATALOG_COMPILER_GLOBAL_ACCENT_COLOR_NAME = AccentColor;
				CODE_SIGN_STYLE = Automatic;
				DEVELOPMENT_TEAM = 462MSNTRG8;
				INFOPLIST_FILE = TransitLinkCaseStudy/Info.plist;
				LD_RUNPATH_SEARCH_PATHS = (
					"$(inherited)",
					"@executable_path/Frameworks",
				);
				PRODUCT_BUNDLE_IDENTIFIER = com.jasper.TransitLinkCaseStudy;
				PRODUCT_NAME = "$(TARGET_NAME)";
				SWIFT_VERSION = 5.0;
				TARGETED_DEVICE_FAMILY = "1,2";
			};
			name = Debug;
		};
		DF788E6726C01D79007F379B /* Release */ = {
			isa = XCBuildConfiguration;
			buildSettings = {
				ASSETCATALOG_COMPILER_APPICON_NAME = AppIcon;
				ASSETCATALOG_COMPILER_GLOBAL_ACCENT_COLOR_NAME = AccentColor;
				CODE_SIGN_STYLE = Automatic;
				DEVELOPMENT_TEAM = 462MSNTRG8;
				INFOPLIST_FILE = TransitLinkCaseStudy/Info.plist;
				LD_RUNPATH_SEARCH_PATHS = (
					"$(inherited)",
					"@executable_path/Frameworks",
				);
				PRODUCT_BUNDLE_IDENTIFIER = com.jasper.TransitLinkCaseStudy;
				PRODUCT_NAME = "$(TARGET_NAME)";
				SWIFT_VERSION = 5.0;
				TARGETED_DEVICE_FAMILY = "1,2";
			};
			name = Release;
		};
		DF788E6926C01D79007F379B /* Debug */ = {
			isa = XCBuildConfiguration;
			buildSettings = {
				ALWAYS_EMBED_SWIFT_STANDARD_LIBRARIES = YES;
				BUNDLE_LOADER = "$(TEST_HOST)";
				CODE_SIGN_STYLE = Automatic;
				DEVELOPMENT_TEAM = 462MSNTRG8;
				INFOPLIST_FILE = TransitLinkCaseStudyTests/Info.plist;
				IPHONEOS_DEPLOYMENT_TARGET = 14.5;
				LD_RUNPATH_SEARCH_PATHS = (
					"$(inherited)",
					"@executable_path/Frameworks",
					"@loader_path/Frameworks",
				);
				PRODUCT_BUNDLE_IDENTIFIER = com.jasper.TransitLinkCaseStudyTests;
				PRODUCT_NAME = "$(TARGET_NAME)";
				SWIFT_VERSION = 5.0;
				TARGETED_DEVICE_FAMILY = "1,2";
				TEST_HOST = "$(BUILT_PRODUCTS_DIR)/TransitLinkCaseStudy.app/TransitLinkCaseStudy";
			};
			name = Debug;
		};
		DF788E6A26C01D79007F379B /* Release */ = {
			isa = XCBuildConfiguration;
			buildSettings = {
				ALWAYS_EMBED_SWIFT_STANDARD_LIBRARIES = YES;
				BUNDLE_LOADER = "$(TEST_HOST)";
				CODE_SIGN_STYLE = Automatic;
				DEVELOPMENT_TEAM = 462MSNTRG8;
				INFOPLIST_FILE = TransitLinkCaseStudyTests/Info.plist;
				IPHONEOS_DEPLOYMENT_TARGET = 14.5;
				LD_RUNPATH_SEARCH_PATHS = (
					"$(inherited)",
					"@executable_path/Frameworks",
					"@loader_path/Frameworks",
				);
				PRODUCT_BUNDLE_IDENTIFIER = com.jasper.TransitLinkCaseStudyTests;
				PRODUCT_NAME = "$(TARGET_NAME)";
				SWIFT_VERSION = 5.0;
				TARGETED_DEVICE_FAMILY = "1,2";
				TEST_HOST = "$(BUILT_PRODUCTS_DIR)/TransitLinkCaseStudy.app/TransitLinkCaseStudy";
			};
			name = Release;
		};
		DF788E6C26C01D79007F379B /* Debug */ = {
			isa = XCBuildConfiguration;
			buildSettings = {
				ALWAYS_EMBED_SWIFT_STANDARD_LIBRARIES = YES;
				CODE_SIGN_STYLE = Automatic;
				DEVELOPMENT_TEAM = 462MSNTRG8;
				INFOPLIST_FILE = TransitLinkCaseStudyUITests/Info.plist;
				LD_RUNPATH_SEARCH_PATHS = (
					"$(inherited)",
					"@executable_path/Frameworks",
					"@loader_path/Frameworks",
				);
				PRODUCT_BUNDLE_IDENTIFIER = com.jasper.TransitLinkCaseStudyUITests;
				PRODUCT_NAME = "$(TARGET_NAME)";
				SWIFT_VERSION = 5.0;
				TARGETED_DEVICE_FAMILY = "1,2";
				TEST_TARGET_NAME = TransitLinkCaseStudy;
			};
			name = Debug;
		};
		DF788E6D26C01D79007F379B /* Release */ = {
			isa = XCBuildConfiguration;
			buildSettings = {
				ALWAYS_EMBED_SWIFT_STANDARD_LIBRARIES = YES;
				CODE_SIGN_STYLE = Automatic;
				DEVELOPMENT_TEAM = 462MSNTRG8;
				INFOPLIST_FILE = TransitLinkCaseStudyUITests/Info.plist;
				LD_RUNPATH_SEARCH_PATHS = (
					"$(inherited)",
					"@executable_path/Frameworks",
					"@loader_path/Frameworks",
				);
				PRODUCT_BUNDLE_IDENTIFIER = com.jasper.TransitLinkCaseStudyUITests;
				PRODUCT_NAME = "$(TARGET_NAME)";
				SWIFT_VERSION = 5.0;
				TARGETED_DEVICE_FAMILY = "1,2";
				TEST_TARGET_NAME = TransitLinkCaseStudy;
			};
			name = Release;
		};
/* End XCBuildConfiguration section */

/* Begin XCConfigurationList section */
		DF788E3626C01D77007F379B /* Build configuration list for PBXProject "TransitLinkCaseStudy" */ = {
			isa = XCConfigurationList;
			buildConfigurations = (
				DF788E6326C01D79007F379B /* Debug */,
				DF788E6426C01D79007F379B /* Release */,
			);
			defaultConfigurationIsVisible = 0;
			defaultConfigurationName = Release;
		};
		DF788E6526C01D79007F379B /* Build configuration list for PBXNativeTarget "TransitLinkCaseStudy" */ = {
			isa = XCConfigurationList;
			buildConfigurations = (
				DF788E6626C01D79007F379B /* Debug */,
				DF788E6726C01D79007F379B /* Release */,
			);
			defaultConfigurationIsVisible = 0;
			defaultConfigurationName = Release;
		};
		DF788E6826C01D79007F379B /* Build configuration list for PBXNativeTarget "TransitLinkCaseStudyTests" */ = {
			isa = XCConfigurationList;
			buildConfigurations = (
				DF788E6926C01D79007F379B /* Debug */,
				DF788E6A26C01D79007F379B /* Release */,
			);
			defaultConfigurationIsVisible = 0;
			defaultConfigurationName = Release;
		};
		DF788E6B26C01D79007F379B /* Build configuration list for PBXNativeTarget "TransitLinkCaseStudyUITests" */ = {
			isa = XCConfigurationList;
			buildConfigurations = (
				DF788E6C26C01D79007F379B /* Debug */,
				DF788E6D26C01D79007F379B /* Release */,
			);
			defaultConfigurationIsVisible = 0;
			defaultConfigurationName = Release;
		};
/* End XCConfigurationList section */
	};
	rootObject = DF788E3326C01D77007F379B /* Project object */;
}
